
Microsoft Visual Studio Solution File, Format Version 12.00
# Visual Studio Version 17
VisualStudioVersion = 17.11.35303.130
MinimumVisualStudioVersion = 10.0.40219.1
Project("{9A19103F-16F7-4668-BE54-9A1E7A4F7556}") = "CBDCalc.App.Server", "CBDCalc.App\CBDCalc.App.Server\CBDCalc.App.Server.csproj", "{2AAA81BB-EC82-4AC9-B8B7-DBCB9412ED35}"
EndProject
Project("{54A90642-561A-4BB1-A94E-469ADEE60C69}") = "cbdcalc.app.client", "CBDCalc.App\cbdcalc.app.client\cbdcalc.app.client.esproj", "{81570079-43C2-4D6F-B246-51A1A57F1730}"
EndProject
Project("{FAE04EC0-301F-11D3-BF4B-00C04F79EFBC}") = "CDBCalc.Test", "CDBCalc.Test\CDBCalc.Test.csproj", "{F6917DFB-1E98-4F20-B77B-6BD24F6644D2}"
EndProject
Global
	GlobalSection(SolutionConfigurationPlatforms) = preSolution
		Debug|Any CPU = Debug|Any CPU
		Release|Any CPU = Release|Any CPU
	EndGlobalSection
	GlobalSection(ProjectConfigurationPlatforms) = postSolution
		{2AAA81BB-EC82-4AC9-B8B7-DBCB9412ED35}.Debug|Any CPU.ActiveCfg = Debug|Any CPU
		{2AAA81BB-EC82-4AC9-B8B7-DBCB9412ED35}.Debug|Any CPU.Build.0 = Debug|Any CPU
		{2AAA81BB-EC82-4AC9-B8B7-DBCB9412ED35}.Release|Any CPU.ActiveCfg = Release|Any CPU
		{2AAA81BB-EC82-4AC9-B8B7-DBCB9412ED35}.Release|Any CPU.Build.0 = Release|Any CPU
		{81570079-43C2-4D6F-B246-51A1A57F1730}.Debug|Any CPU.ActiveCfg = Debug|Any CPU
		{81570079-43C2-4D6F-B246-51A1A57F1730}.Debug|Any CPU.Build.0 = Debug|Any CPU
		{81570079-43C2-4D6F-B246-51A1A57F1730}.Debug|Any CPU.Deploy.0 = Debug|Any CPU
		{81570079-43C2-4D6F-B246-51A1A57F1730}.Release|Any CPU.ActiveCfg = Release|Any CPU
		{81570079-43C2-4D6F-B246-51A1A57F1730}.Release|Any CPU.Build.0 = Release|Any CPU
		{81570079-43C2-4D6F-B246-51A1A57F1730}.Release|Any CPU.Deploy.0 = Release|Any CPU
		{F6917DFB-1E98-4F20-B77B-6BD24F6644D2}.Debug|Any CPU.ActiveCfg = Debug|Any CPU
		{F6917DFB-1E98-4F20-B77B-6BD24F6644D2}.Debug|Any CPU.Build.0 = Debug|Any CPU
		{F6917DFB-1E98-4F20-B77B-6BD24F6644D2}.Release|Any CPU.ActiveCfg = Release|Any CPU
		{F6917DFB-1E98-4F20-B77B-6BD24F6644D2}.Release|Any CPU.Build.0 = Release|Any CPU
	EndGlobalSection
	GlobalSection(SolutionProperties) = preSolution
		HideSolutionNode = FALSE
	EndGlobalSection
	GlobalSection(ExtensibilityGlobals) = postSolution
		SolutionGuid = {A35B11BD-46C6-4D3B-A972-CDC783C8CAE8}
	EndGlobalSection
EndGlobal
